
Microsoft Visual Studio Solution File, Format Version 12.00
# Visual Studio Version 16
VisualStudioVersion = 16.0.30128.74
MinimumVisualStudioVersion = 10.0.40219.1
Project("{9A19103F-16F7-4668-BE54-9A1E7A4F7556}") = "BusinessCard", "BusinessCard\BusinessCard.csproj", "{EB73A8FC-1133-47A5-8955-A6926BD94370}"
EndProject
Project("{2150E333-8FDC-42A3-9474-1A3956D46DE8}") = "Api", "Api", "{EF8E4B61-FEE8-4DC9-A3E8-026BDA1F61E5}"
EndProject
Project("{2150E333-8FDC-42A3-9474-1A3956D46DE8}") = "Infrastructure", "Infrastructure", "{A6564757-3763-49BB-8280-FD198D71E99A}"
EndProject
Project("{9A19103F-16F7-4668-BE54-9A1E7A4F7556}") = "BusinessCard.Insfrastructure", "BusinessCard.Insfrastructure\BusinessCard.Insfrastructure.csproj", "{71A5C0BE-515E-4EB3-99A4-CA29FEAB2614}"
EndProject
Project("{2150E333-8FDC-42A3-9474-1A3956D46DE8}") = "Services", "Services", "{BE685543-0742-41D1-9130-5D2A41F33B5C}"
EndProject
Project("{9A19103F-16F7-4668-BE54-9A1E7A4F7556}") = "BusinessCard.Services.Badges", "BusinessCard.Services.Badges\BusinessCard.Services.Badges.csproj", "{89A5BF81-9D66-44B9-90F8-F4F2FDE30322}"
EndProject
Project("{2150E333-8FDC-42A3-9474-1A3956D46DE8}") = "Data", "Data", "{2D0D1685-11E3-4CD3-9005-B5FE146C66F4}"
EndProject
Project("{9A19103F-16F7-4668-BE54-9A1E7A4F7556}") = "BusinessCard.Data.Entities", "BusinessCard.Data.Entities\BusinessCard.Data.Entities.csproj", "{F01AD6F1-813B-4841-90EE-B23E72C30FD6}"
EndProject
Project("{9A19103F-16F7-4668-BE54-9A1E7A4F7556}") = "BusinessCard.Services.AuthToken", "BusinessCard.Services.AuthToken\BusinessCard.Services.AuthToken.csproj", "{F57B34E2-5F7F-40D2-9983-703374CEB8FC}"
EndProject
Project("{9A19103F-16F7-4668-BE54-9A1E7A4F7556}") = "BusinessCard.Services.Authentication", "BusinessCard.Services.Authentication\BusinessCard.Services.Authentication.csproj", "{DACE36CD-F70C-4CA7-AB70-C748B1ECCFD6}"
EndProject
Project("{9A19103F-16F7-4668-BE54-9A1E7A4F7556}") = "BusinessCard.Services.Users", "BusinessCard.Services.Users\BusinessCard.Services.Users.csproj", "{37C0EFE0-0FC0-4847-BE43-0B2E67C21861}"
EndProject
Project("{9A19103F-16F7-4668-BE54-9A1E7A4F7556}") = "BusinessCard.Services.Roles", "BusinessCard.Services.Roles\BusinessCard.Services.Roles.csproj", "{BB0F0F70-C0FF-4A9E-A1AE-C0AAFD0CEA5C}"
EndProject
Global
	GlobalSection(SolutionConfigurationPlatforms) = preSolution
		Debug|Any CPU = Debug|Any CPU
		Release|Any CPU = Release|Any CPU
	EndGlobalSection
	GlobalSection(ProjectConfigurationPlatforms) = postSolution
		{EB73A8FC-1133-47A5-8955-A6926BD94370}.Debug|Any CPU.ActiveCfg = Debug|Any CPU
		{EB73A8FC-1133-47A5-8955-A6926BD94370}.Debug|Any CPU.Build.0 = Debug|Any CPU
		{EB73A8FC-1133-47A5-8955-A6926BD94370}.Release|Any CPU.ActiveCfg = Release|Any CPU
		{EB73A8FC-1133-47A5-8955-A6926BD94370}.Release|Any CPU.Build.0 = Release|Any CPU
		{71A5C0BE-515E-4EB3-99A4-CA29FEAB2614}.Debug|Any CPU.ActiveCfg = Debug|Any CPU
		{71A5C0BE-515E-4EB3-99A4-CA29FEAB2614}.Debug|Any CPU.Build.0 = Debug|Any CPU
		{71A5C0BE-515E-4EB3-99A4-CA29FEAB2614}.Release|Any CPU.ActiveCfg = Release|Any CPU
		{71A5C0BE-515E-4EB3-99A4-CA29FEAB2614}.Release|Any CPU.Build.0 = Release|Any CPU
		{89A5BF81-9D66-44B9-90F8-F4F2FDE30322}.Debug|Any CPU.ActiveCfg = Debug|Any CPU
		{89A5BF81-9D66-44B9-90F8-F4F2FDE30322}.Debug|Any CPU.Build.0 = Debug|Any CPU
		{89A5BF81-9D66-44B9-90F8-F4F2FDE30322}.Release|Any CPU.ActiveCfg = Release|Any CPU
		{89A5BF81-9D66-44B9-90F8-F4F2FDE30322}.Release|Any CPU.Build.0 = Release|Any CPU
		{F01AD6F1-813B-4841-90EE-B23E72C30FD6}.Debug|Any CPU.ActiveCfg = Debug|Any CPU
		{F01AD6F1-813B-4841-90EE-B23E72C30FD6}.Debug|Any CPU.Build.0 = Debug|Any CPU
		{F01AD6F1-813B-4841-90EE-B23E72C30FD6}.Release|Any CPU.ActiveCfg = Release|Any CPU
		{F01AD6F1-813B-4841-90EE-B23E72C30FD6}.Release|Any CPU.Build.0 = Release|Any CPU
		{F57B34E2-5F7F-40D2-9983-703374CEB8FC}.Debug|Any CPU.ActiveCfg = Debug|Any CPU
		{F57B34E2-5F7F-40D2-9983-703374CEB8FC}.Debug|Any CPU.Build.0 = Debug|Any CPU
		{F57B34E2-5F7F-40D2-9983-703374CEB8FC}.Release|Any CPU.ActiveCfg = Release|Any CPU
		{F57B34E2-5F7F-40D2-9983-703374CEB8FC}.Release|Any CPU.Build.0 = Release|Any CPU
		{DACE36CD-F70C-4CA7-AB70-C748B1ECCFD6}.Debug|Any CPU.ActiveCfg = Debug|Any CPU
		{DACE36CD-F70C-4CA7-AB70-C748B1ECCFD6}.Debug|Any CPU.Build.0 = Debug|Any CPU
		{DACE36CD-F70C-4CA7-AB70-C748B1ECCFD6}.Release|Any CPU.ActiveCfg = Release|Any CPU
		{DACE36CD-F70C-4CA7-AB70-C748B1ECCFD6}.Release|Any CPU.Build.0 = Release|Any CPU
		{37C0EFE0-0FC0-4847-BE43-0B2E67C21861}.Debug|Any CPU.ActiveCfg = Debug|Any CPU
		{37C0EFE0-0FC0-4847-BE43-0B2E67C21861}.Debug|Any CPU.Build.0 = Debug|Any CPU
		{37C0EFE0-0FC0-4847-BE43-0B2E67C21861}.Release|Any CPU.ActiveCfg = Release|Any CPU
		{37C0EFE0-0FC0-4847-BE43-0B2E67C21861}.Release|Any CPU.Build.0 = Release|Any CPU
		{BB0F0F70-C0FF-4A9E-A1AE-C0AAFD0CEA5C}.Debug|Any CPU.ActiveCfg = Debug|Any CPU
		{BB0F0F70-C0FF-4A9E-A1AE-C0AAFD0CEA5C}.Debug|Any CPU.Build.0 = Debug|Any CPU
		{BB0F0F70-C0FF-4A9E-A1AE-C0AAFD0CEA5C}.Release|Any CPU.ActiveCfg = Release|Any CPU
		{BB0F0F70-C0FF-4A9E-A1AE-C0AAFD0CEA5C}.Release|Any CPU.Build.0 = Release|Any CPU
	EndGlobalSection
	GlobalSection(SolutionProperties) = preSolution
		HideSolutionNode = FALSE
	EndGlobalSection
	GlobalSection(NestedProjects) = preSolution
		{EB73A8FC-1133-47A5-8955-A6926BD94370} = {EF8E4B61-FEE8-4DC9-A3E8-026BDA1F61E5}
		{71A5C0BE-515E-4EB3-99A4-CA29FEAB2614} = {A6564757-3763-49BB-8280-FD198D71E99A}
		{89A5BF81-9D66-44B9-90F8-F4F2FDE30322} = {BE685543-0742-41D1-9130-5D2A41F33B5C}
		{F01AD6F1-813B-4841-90EE-B23E72C30FD6} = {2D0D1685-11E3-4CD3-9005-B5FE146C66F4}
		{F57B34E2-5F7F-40D2-9983-703374CEB8FC} = {BE685543-0742-41D1-9130-5D2A41F33B5C}
		{DACE36CD-F70C-4CA7-AB70-C748B1ECCFD6} = {BE685543-0742-41D1-9130-5D2A41F33B5C}
		{37C0EFE0-0FC0-4847-BE43-0B2E67C21861} = {BE685543-0742-41D1-9130-5D2A41F33B5C}
		{BB0F0F70-C0FF-4A9E-A1AE-C0AAFD0CEA5C} = {BE685543-0742-41D1-9130-5D2A41F33B5C}
	EndGlobalSection
	GlobalSection(ExtensibilityGlobals) = postSolution
		SolutionGuid = {359ABE70-CA91-4F5C-A954-CD059D026A9F}
	EndGlobalSection
EndGlobal
